{
  "name": "starter",
  "version": "1.0.0",
  "lockfileVersion": 1,
  "requires": true,
  "dependencies": {
    "mask-guide": {
      "version": "2.0.10",
      "resolved": "https://registry.npmjs.org/mask-guide/-/mask-guide-2.0.10.tgz",
      "integrity": "sha512-AYgsh08DkevvSnZS99NXzWp6nBvkg/Y+VIG70ZDUXN9P79uOHQrwn5ERIsh4BlUtAtkhQwZG1W5OluLJIdk3Ug=="
    }
  }
}
